
Microsoft Visual Studio Solution File, Format Version 12.00
# Visual Studio Version 17
VisualStudioVersion = 17.3.32811.315
MinimumVisualStudioVersion = 10.0.40219.1
Project("{9A19103F-16F7-4668-BE54-9A1E7A4F7556}") = "Artsec.PassController", "Artsec.FaceIdIntegration\Artsec.PassController.csproj", "{4A01DD33-4DDC-46A0-AC4A-F7221807328D}"
EndProject
Project("{2150E333-8FDC-42A3-9474-1A3956D46DE8}") = "src", "src", "{2CDE3929-F7A7-4F81-A266-4EDD588FEA3A}"
EndProject
Project("{9A19103F-16F7-4668-BE54-9A1E7A4F7556}") = "Artsec.PassController.Listeners", "Artsec.FaceIdIntegration.Listeners\Artsec.PassController.Listeners.csproj", "{FAE1B4FE-54B2-4A90-9784-1A3B58CF2A6A}"
EndProject
Project("{9A19103F-16F7-4668-BE54-9A1E7A4F7556}") = "Artsec.PassController.Domain", "Artsec.PassController.Domain\Artsec.PassController.Domain.csproj", "{03DAD7EE-C9E7-4D2D-9B66-2A077F4C2031}"
EndProject
Project("{9A19103F-16F7-4668-BE54-9A1E7A4F7556}") = "Artsec.Dal", "Artsec.Dal\Artsec.Dal.csproj", "{DF962F18-87D4-4A68-846D-7B571F27F40E}"
EndProject
Project("{9A19103F-16F7-4668-BE54-9A1E7A4F7556}") = "PipeLight", "..\..\PipeLight\src\PipeLight\PipeLight.csproj", "{09D4B60D-CBE0-4D4B-AFFF-76535547F4A8}"
EndProject
Project("{9A19103F-16F7-4668-BE54-9A1E7A4F7556}") = "Artsec.PassController.ConsoleTest", "Artsec.PassController.ConsoleTest\Artsec.PassController.ConsoleTest.csproj", "{8C777214-AB9F-43AC-A1BA-5962B7C8D19C}"
EndProject
Project("{FAE04EC0-301F-11D3-BF4B-00C04F79EFBC}") = "Artsec.PassController.Dal", "Artsec.PassController.Dal\Artsec.PassController.Dal.csproj", "{9FBB61DC-4239-40E6-8CDA-3D22D574D856}"
EndProject
Project("{2150E333-8FDC-42A3-9474-1A3956D46DE8}") = "tests", "tests", "{7DCCEE15-9299-4DA0-BDD4-81C84F3BBF4F}"
EndProject
Project("{FAE04EC0-301F-11D3-BF4B-00C04F79EFBC}") = "Artsec.PassController.Tests", "Artsec.PassController.Tests\Artsec.PassController.Tests.csproj", "{6561F246-E424-418A-BF36-09297813BFB9}"
EndProject
Global
	GlobalSection(SolutionConfigurationPlatforms) = preSolution
		Debug|Any CPU = Debug|Any CPU
		Release|Any CPU = Release|Any CPU
	EndGlobalSection
	GlobalSection(ProjectConfigurationPlatforms) = postSolution
		{4A01DD33-4DDC-46A0-AC4A-F7221807328D}.Debug|Any CPU.ActiveCfg = Debug|Any CPU
		{4A01DD33-4DDC-46A0-AC4A-F7221807328D}.Debug|Any CPU.Build.0 = Debug|Any CPU
		{4A01DD33-4DDC-46A0-AC4A-F7221807328D}.Release|Any CPU.ActiveCfg = Release|Any CPU
		{4A01DD33-4DDC-46A0-AC4A-F7221807328D}.Release|Any CPU.Build.0 = Release|Any CPU
		{FAE1B4FE-54B2-4A90-9784-1A3B58CF2A6A}.Debug|Any CPU.ActiveCfg = Debug|Any CPU
		{FAE1B4FE-54B2-4A90-9784-1A3B58CF2A6A}.Debug|Any CPU.Build.0 = Debug|Any CPU
		{FAE1B4FE-54B2-4A90-9784-1A3B58CF2A6A}.Release|Any CPU.ActiveCfg = Release|Any CPU
		{FAE1B4FE-54B2-4A90-9784-1A3B58CF2A6A}.Release|Any CPU.Build.0 = Release|Any CPU
		{03DAD7EE-C9E7-4D2D-9B66-2A077F4C2031}.Debug|Any CPU.ActiveCfg = Debug|Any CPU
		{03DAD7EE-C9E7-4D2D-9B66-2A077F4C2031}.Debug|Any CPU.Build.0 = Debug|Any CPU
		{03DAD7EE-C9E7-4D2D-9B66-2A077F4C2031}.Release|Any CPU.ActiveCfg = Release|Any CPU
		{03DAD7EE-C9E7-4D2D-9B66-2A077F4C2031}.Release|Any CPU.Build.0 = Release|Any CPU
		{DF962F18-87D4-4A68-846D-7B571F27F40E}.Debug|Any CPU.ActiveCfg = Debug|Any CPU
		{DF962F18-87D4-4A68-846D-7B571F27F40E}.Debug|Any CPU.Build.0 = Debug|Any CPU
		{DF962F18-87D4-4A68-846D-7B571F27F40E}.Release|Any CPU.ActiveCfg = Release|Any CPU
		{DF962F18-87D4-4A68-846D-7B571F27F40E}.Release|Any CPU.Build.0 = Release|Any CPU
		{09D4B60D-CBE0-4D4B-AFFF-76535547F4A8}.Debug|Any CPU.ActiveCfg = Debug|Any CPU
		{09D4B60D-CBE0-4D4B-AFFF-76535547F4A8}.Debug|Any CPU.Build.0 = Debug|Any CPU
		{09D4B60D-CBE0-4D4B-AFFF-76535547F4A8}.Release|Any CPU.ActiveCfg = Release|Any CPU
		{09D4B60D-CBE0-4D4B-AFFF-76535547F4A8}.Release|Any CPU.Build.0 = Release|Any CPU
		{8C777214-AB9F-43AC-A1BA-5962B7C8D19C}.Debug|Any CPU.ActiveCfg = Debug|Any CPU
		{8C777214-AB9F-43AC-A1BA-5962B7C8D19C}.Debug|Any CPU.Build.0 = Debug|Any CPU
		{8C777214-AB9F-43AC-A1BA-5962B7C8D19C}.Release|Any CPU.ActiveCfg = Release|Any CPU
		{8C777214-AB9F-43AC-A1BA-5962B7C8D19C}.Release|Any CPU.Build.0 = Release|Any CPU
		{9FBB61DC-4239-40E6-8CDA-3D22D574D856}.Debug|Any CPU.ActiveCfg = Debug|Any CPU
		{9FBB61DC-4239-40E6-8CDA-3D22D574D856}.Debug|Any CPU.Build.0 = Debug|Any CPU
		{9FBB61DC-4239-40E6-8CDA-3D22D574D856}.Release|Any CPU.ActiveCfg = Release|Any CPU
		{9FBB61DC-4239-40E6-8CDA-3D22D574D856}.Release|Any CPU.Build.0 = Release|Any CPU
		{6561F246-E424-418A-BF36-09297813BFB9}.Debug|Any CPU.ActiveCfg = Debug|Any CPU
		{6561F246-E424-418A-BF36-09297813BFB9}.Debug|Any CPU.Build.0 = Debug|Any CPU
		{6561F246-E424-418A-BF36-09297813BFB9}.Release|Any CPU.ActiveCfg = Release|Any CPU
		{6561F246-E424-418A-BF36-09297813BFB9}.Release|Any CPU.Build.0 = Release|Any CPU
	EndGlobalSection
	GlobalSection(SolutionProperties) = preSolution
		HideSolutionNode = FALSE
	EndGlobalSection
	GlobalSection(NestedProjects) = preSolution
		{4A01DD33-4DDC-46A0-AC4A-F7221807328D} = {2CDE3929-F7A7-4F81-A266-4EDD588FEA3A}
		{FAE1B4FE-54B2-4A90-9784-1A3B58CF2A6A} = {2CDE3929-F7A7-4F81-A266-4EDD588FEA3A}
		{03DAD7EE-C9E7-4D2D-9B66-2A077F4C2031} = {2CDE3929-F7A7-4F81-A266-4EDD588FEA3A}
		{DF962F18-87D4-4A68-846D-7B571F27F40E} = {2CDE3929-F7A7-4F81-A266-4EDD588FEA3A}
		{8C777214-AB9F-43AC-A1BA-5962B7C8D19C} = {2CDE3929-F7A7-4F81-A266-4EDD588FEA3A}
		{9FBB61DC-4239-40E6-8CDA-3D22D574D856} = {2CDE3929-F7A7-4F81-A266-4EDD588FEA3A}
		{6561F246-E424-418A-BF36-09297813BFB9} = {7DCCEE15-9299-4DA0-BDD4-81C84F3BBF4F}
	EndGlobalSection
	GlobalSection(ExtensibilityGlobals) = postSolution
		SolutionGuid = {72B94B29-A54A-4817-9048-7419A3D78CB8}
	EndGlobalSection
EndGlobal
